
Microsoft Visual Studio Solution File, Format Version 12.00
# Visual Studio Version 17
VisualStudioVersion = 17.9.34723.18
MinimumVisualStudioVersion = 10.0.40219.1
Project("{FAE04EC0-301F-11D3-BF4B-00C04F79EFBC}") = "Bulky-web", "Bulky-web\Bulky-web.csproj", "{73FCAE6D-95C5-41F0-B684-9D06855CA6B7}"
EndProject
Global
	GlobalSection(SolutionConfigurationPlatforms) = preSolution
		Debug|Any CPU = Debug|Any CPU
		Release|Any CPU = Release|Any CPU
	EndGlobalSection
	GlobalSection(ProjectConfigurationPlatforms) = postSolution
		{73FCAE6D-95C5-41F0-B684-9D06855CA6B7}.Debug|Any CPU.ActiveCfg = Debug|Any CPU
		{73FCAE6D-95C5-41F0-B684-9D06855CA6B7}.Debug|Any CPU.Build.0 = Debug|Any CPU
		{73FCAE6D-95C5-41F0-B684-9D06855CA6B7}.Release|Any CPU.ActiveCfg = Release|Any CPU
		{73FCAE6D-95C5-41F0-B684-9D06855CA6B7}.Release|Any CPU.Build.0 = Release|Any CPU
	EndGlobalSection
	GlobalSection(SolutionProperties) = preSolution
		HideSolutionNode = FALSE
	EndGlobalSection
	GlobalSection(ExtensibilityGlobals) = postSolution
		SolutionGuid = {844D2D8C-255B-4650-846B-81425DA2E17C}
	EndGlobalSection
EndGlobal
